
Microsoft Visual Studio Solution File, Format Version 12.00
# Visual Studio Version 17
VisualStudioVersion = 17.9.34728.123
MinimumVisualStudioVersion = 10.0.40219.1
Project("{FAE04EC0-301F-11D3-BF4B-00C04F79EFBC}") = "PMS", "PMS\PMS.csproj", "{BC0F8EB5-688C-48A3-8806-3BB2FBB96F6E}"
EndProject
Global
	GlobalSection(SolutionConfigurationPlatforms) = preSolution
		Debug|Any CPU = Debug|Any CPU
		Release|Any CPU = Release|Any CPU
	EndGlobalSection
	GlobalSection(ProjectConfigurationPlatforms) = postSolution
		{BC0F8EB5-688C-48A3-8806-3BB2FBB96F6E}.Debug|Any CPU.ActiveCfg = Debug|Any CPU
		{BC0F8EB5-688C-48A3-8806-3BB2FBB96F6E}.Debug|Any CPU.Build.0 = Debug|Any CPU
		{BC0F8EB5-688C-48A3-8806-3BB2FBB96F6E}.Release|Any CPU.ActiveCfg = Release|Any CPU
		{BC0F8EB5-688C-48A3-8806-3BB2FBB96F6E}.Release|Any CPU.Build.0 = Release|Any CPU
	EndGlobalSection
	GlobalSection(SolutionProperties) = preSolution
		HideSolutionNode = FALSE
	EndGlobalSection
	GlobalSection(ExtensibilityGlobals) = postSolution
		SolutionGuid = {B165C5C7-1953-4328-8E4D-9034FB0463BD}
	EndGlobalSection
EndGlobal
